
Microsoft Visual Studio Solution File, Format Version 12.00
# Visual Studio Version 17
VisualStudioVersion = 17.0.31903.59
MinimumVisualStudioVersion = 10.0.40219.1
Project("{2150E333-8FDC-42A3-9474-1A3956D46DE8}") = "SIGOBackend", "SIGOBackend", "{DA8057B1-9A92-454B-AD3C-309B4B1007CB}"
EndProject
Project("{FAE04EC0-301F-11D3-BF4B-00C04F79EFBC}") = "SIGOBackend.Domain", "SIGOBackend\SIGOBackend.Domain\SIGOBackend.Domain.csproj", "{A8AB5B83-9D4F-48E8-A68E-D0892042A809}"
EndProject
Project("{FAE04EC0-301F-11D3-BF4B-00C04F79EFBC}") = "SIGOBackend.Application", "SIGOBackend\SIGOBackend.Application\SIGOBackend.Application.csproj", "{BF28AC84-E63E-4502-943B-D72F08376663}"
EndProject
Project("{FAE04EC0-301F-11D3-BF4B-00C04F79EFBC}") = "SIGOBackend.Infrastructure", "SIGOBackend\SIGOBackend.Infrastructure\SIGOBackend.Infrastructure.csproj", "{EC9C24F3-E04E-4C24-8D95-282A4EF4C957}"
EndProject
Project("{FAE04EC0-301F-11D3-BF4B-00C04F79EFBC}") = "SIGOBackend.WebAPI", "SIGOBackend\SIGOBackend.WebAPI\SIGOBackend.WebAPI.csproj", "{E8B12C03-BC5E-44D0-847C-FF11D1F67501}"
EndProject
Global
	GlobalSection(SolutionConfigurationPlatforms) = preSolution
		Debug|Any CPU = Debug|Any CPU
		Release|Any CPU = Release|Any CPU
	EndGlobalSection
	GlobalSection(ProjectConfigurationPlatforms) = postSolution
		{A8AB5B83-9D4F-48E8-A68E-D0892042A809}.Debug|Any CPU.ActiveCfg = Debug|Any CPU
		{A8AB5B83-9D4F-48E8-A68E-D0892042A809}.Debug|Any CPU.Build.0 = Debug|Any CPU
		{A8AB5B83-9D4F-48E8-A68E-D0892042A809}.Release|Any CPU.ActiveCfg = Release|Any CPU
		{A8AB5B83-9D4F-48E8-A68E-D0892042A809}.Release|Any CPU.Build.0 = Release|Any CPU
		{BF28AC84-E63E-4502-943B-D72F08376663}.Debug|Any CPU.ActiveCfg = Debug|Any CPU
		{BF28AC84-E63E-4502-943B-D72F08376663}.Debug|Any CPU.Build.0 = Debug|Any CPU
		{BF28AC84-E63E-4502-943B-D72F08376663}.Release|Any CPU.ActiveCfg = Release|Any CPU
		{BF28AC84-E63E-4502-943B-D72F08376663}.Release|Any CPU.Build.0 = Release|Any CPU
		{EC9C24F3-E04E-4C24-8D95-282A4EF4C957}.Debug|Any CPU.ActiveCfg = Debug|Any CPU
		{EC9C24F3-E04E-4C24-8D95-282A4EF4C957}.Debug|Any CPU.Build.0 = Debug|Any CPU
		{EC9C24F3-E04E-4C24-8D95-282A4EF4C957}.Release|Any CPU.ActiveCfg = Release|Any CPU
		{EC9C24F3-E04E-4C24-8D95-282A4EF4C957}.Release|Any CPU.Build.0 = Release|Any CPU
		{E8B12C03-BC5E-44D0-847C-FF11D1F67501}.Debug|Any CPU.ActiveCfg = Debug|Any CPU
		{E8B12C03-BC5E-44D0-847C-FF11D1F67501}.Debug|Any CPU.Build.0 = Debug|Any CPU
		{E8B12C03-BC5E-44D0-847C-FF11D1F67501}.Release|Any CPU.ActiveCfg = Release|Any CPU
		{E8B12C03-BC5E-44D0-847C-FF11D1F67501}.Release|Any CPU.Build.0 = Release|Any CPU
	EndGlobalSection
	GlobalSection(SolutionProperties) = preSolution
		HideSolutionNode = FALSE
	EndGlobalSection
	GlobalSection(NestedProjects) = preSolution
		{A8AB5B83-9D4F-48E8-A68E-D0892042A809} = {DA8057B1-9A92-454B-AD3C-309B4B1007CB}
		{BF28AC84-E63E-4502-943B-D72F08376663} = {DA8057B1-9A92-454B-AD3C-309B4B1007CB}
		{EC9C24F3-E04E-4C24-8D95-282A4EF4C957} = {DA8057B1-9A92-454B-AD3C-309B4B1007CB}
		{E8B12C03-BC5E-44D0-847C-FF11D1F67501} = {DA8057B1-9A92-454B-AD3C-309B4B1007CB}
	EndGlobalSection
EndGlobal
